{
  "originHash" : "3df79201e50bfdab53b1415727230d243c285a0201ff2dbb711de0a4850f1407",
  "pins" : [
    {
      "identity" : "dynamicnotchkit",
      "kind" : "remoteSourceControl",
      "location" : "https://github.com/MrKai77/DynamicNotchKit.git",
      "state" : {
        "revision" : "cd0b3e52d537db115ad3a9d89601f20e0bee8d27",
        "version" : "1.1.0"
      }
    }
  ],
  "version" : 3
}
